// !$*UTF8*$!
{
	archiveVersion = 1;
	classes = {
	};
	objectVersion = 51;
	objects = {

/* Begin PBXBuildFile section */
		639AB66BAB75928E49599498 /* Pods_Virta.framework in Frameworks */ = {isa = PBXBuildFile; fileRef = 5A535ACBAFA7AA84D6AA6122 /* Pods_Virta.framework */; };
		69467F84F7BB8DEC0FA146A5 /* Pods_Virta_VirtaUITests.framework in Frameworks */ = {isa = PBXBuildFile; fileRef = 852B4746EC6D7AF7256AAF3B /* Pods_Virta_VirtaUITests.framework */; };
		7378228C2470A32B009091DE /* HTTPNetworkRoute.swift in Sources */ = {isa = PBXBuildFile; fileRef = 7378228B2470A32B009091DE /* HTTPNetworkRoute.swift */; };
		7378228E2470A54C009091DE /* HTTPMethod.swift in Sources */ = {isa = PBXBuildFile; fileRef = 7378228D2470A54C009091DE /* HTTPMethod.swift */; };
		737822902470A6FA009091DE /* HTTPNetworkError.swift in Sources */ = {isa = PBXBuildFile; fileRef = 7378228F2470A6FA009091DE /* HTTPNetworkError.swift */; };
		737822922470A8B0009091DE /* HTTPNetworkRequest.swift in Sources */ = {isa = PBXBuildFile; fileRef = 737822912470A8B0009091DE /* HTTPNetworkRequest.swift */; };
		737822942470AD67009091DE /* HTTPNetworkResponse.swift in Sources */ = {isa = PBXBuildFile; fileRef = 737822932470AD67009091DE /* HTTPNetworkResponse.swift */; };
		737822962470AE83009091DE /* URLEncoder.swift in Sources */ = {isa = PBXBuildFile; fileRef = 737822952470AE83009091DE /* URLEncoder.swift */; };
		737822982470B111009091DE /* Result.swift in Sources */ = {isa = PBXBuildFile; fileRef = 737822972470B111009091DE /* Result.swift */; };
		7378229E247145F1009091DE /* AuthRequest.swift in Sources */ = {isa = PBXBuildFile; fileRef = 7378229D247145F1009091DE /* AuthRequest.swift */; };
		737822A024714673009091DE /* StationRequest.swift in Sources */ = {isa = PBXBuildFile; fileRef = 7378229F24714673009091DE /* StationRequest.swift */; };
		737822A224714949009091DE /* Auth.swift in Sources */ = {isa = PBXBuildFile; fileRef = 737822A124714949009091DE /* Auth.swift */; };
		73AB3BD124702A030050C676 /* AppDelegate.swift in Sources */ = {isa = PBXBuildFile; fileRef = 73AB3BD024702A030050C676 /* AppDelegate.swift */; };
		73AB3BD324702A030050C676 /* SceneDelegate.swift in Sources */ = {isa = PBXBuildFile; fileRef = 73AB3BD224702A030050C676 /* SceneDelegate.swift */; };
		73AB3BD524702A030050C676 /* LoginViewController.swift in Sources */ = {isa = PBXBuildFile; fileRef = 73AB3BD424702A030050C676 /* LoginViewController.swift */; };
		73AB3BD824702A030050C676 /* Main.storyboard in Resources */ = {isa = PBXBuildFile; fileRef = 73AB3BD624702A030050C676 /* Main.storyboard */; };
		73AB3BDA24702A090050C676 /* Assets.xcassets in Resources */ = {isa = PBXBuildFile; fileRef = 73AB3BD924702A090050C676 /* Assets.xcassets */; };
		73AB3BDD24702A090050C676 /* LaunchScreen.storyboard in Resources */ = {isa = PBXBuildFile; fileRef = 73AB3BDB24702A090050C676 /* LaunchScreen.storyboard */; };
		73AB3BE824702A0A0050C676 /* VirtaNetworkIntegrationTests.swift in Sources */ = {isa = PBXBuildFile; fileRef = 73AB3BE724702A0A0050C676 /* VirtaNetworkIntegrationTests.swift */; };
		73AB3BF324702A0A0050C676 /* VirtaUITests.swift in Sources */ = {isa = PBXBuildFile; fileRef = 73AB3BF224702A0A0050C676 /* VirtaUITests.swift */; };
		73AB3C07247037940050C676 /* BasicStationInfo.swift in Sources */ = {isa = PBXBuildFile; fileRef = 73AB3C06247037940050C676 /* BasicStationInfo.swift */; };
		73AB3C0924703F500050C676 /* Station.swift in Sources */ = {isa = PBXBuildFile; fileRef = 73AB3C0824703F500050C676 /* Station.swift */; };
		73AB3C0B247061640050C676 /* Connector.swift in Sources */ = {isa = PBXBuildFile; fileRef = 73AB3C0A247061640050C676 /* Connector.swift */; };
		73AB3C0D247061D20050C676 /* ConnectorType.swift in Sources */ = {isa = PBXBuildFile; fileRef = 73AB3C0C247061D20050C676 /* ConnectorType.swift */; };
		73AB3C0F2470645B0050C676 /* EVSE.swift in Sources */ = {isa = PBXBuildFile; fileRef = 73AB3C0E2470645B0050C676 /* EVSE.swift */; };
		73AB3C11247065260050C676 /* Pricing.swift in Sources */ = {isa = PBXBuildFile; fileRef = 73AB3C10247065260050C676 /* Pricing.swift */; };
		73F7B47F2472133000FB4E11 /* AuthService.swift in Sources */ = {isa = PBXBuildFile; fileRef = 73F7B47E2472133000FB4E11 /* AuthService.swift */; };
		73F7B4832472215600FB4E11 /* VirtaServiceIntegrationTests.swift in Sources */ = {isa = PBXBuildFile; fileRef = 73F7B4822472215600FB4E11 /* VirtaServiceIntegrationTests.swift */; };
		73F7B4852472876600FB4E11 /* LoginViewModel.swift in Sources */ = {isa = PBXBuildFile; fileRef = 73F7B4842472876600FB4E11 /* LoginViewModel.swift */; };
		FC6AD4978589766D3F944144 /* Pods_VirtaTests.framework in Frameworks */ = {isa = PBXBuildFile; fileRef = 011E52098C94C5AEAFB990C0 /* Pods_VirtaTests.framework */; };
/* End PBXBuildFile section */

/* Begin PBXContainerItemProxy section */
		73AB3BE424702A0A0050C676 /* PBXContainerItemProxy */ = {
			isa = PBXContainerItemProxy;
			containerPortal = 73AB3BC524702A030050C676 /* Project object */;
			proxyType = 1;
			remoteGlobalIDString = 73AB3BCC24702A030050C676;
			remoteInfo = Virta;
		};
		73AB3BEF24702A0A0050C676 /* PBXContainerItemProxy */ = {
			isa = PBXContainerItemProxy;
			containerPortal = 73AB3BC524702A030050C676 /* Project object */;
			proxyType = 1;
			remoteGlobalIDString = 73AB3BCC24702A030050C676;
			remoteInfo = Virta;
		};
/* End PBXContainerItemProxy section */

/* Begin PBXFileReference section */
		011E52098C94C5AEAFB990C0 /* Pods_VirtaTests.framework */ = {isa = PBXFileReference; explicitFileType = wrapper.framework; includeInIndex = 0; path = Pods_VirtaTests.framework; sourceTree = BUILT_PRODUCTS_DIR; };
		07526B7439DE3F5B48F59016 /* Pods-Virta.debug.xcconfig */ = {isa = PBXFileReference; includeInIndex = 1; lastKnownFileType = text.xcconfig; name = "Pods-Virta.debug.xcconfig"; path = "Target Support Files/Pods-Virta/Pods-Virta.debug.xcconfig"; sourceTree = "<group>"; };
		122A9D4E7B6269CEE415F2A3 /* Pods-Virta-VirtaUITests.release.xcconfig */ = {isa = PBXFileReference; includeInIndex = 1; lastKnownFileType = text.xcconfig; name = "Pods-Virta-VirtaUITests.release.xcconfig"; path = "Target Support Files/Pods-Virta-VirtaUITests/Pods-Virta-VirtaUITests.release.xcconfig"; sourceTree = "<group>"; };
		2B354DB7C0885F19454A6822 /* Pods-VirtaTests.debug.xcconfig */ = {isa = PBXFileReference; includeInIndex = 1; lastKnownFileType = text.xcconfig; name = "Pods-VirtaTests.debug.xcconfig"; path = "Target Support Files/Pods-VirtaTests/Pods-VirtaTests.debug.xcconfig"; sourceTree = "<group>"; };
		5A535ACBAFA7AA84D6AA6122 /* Pods_Virta.framework */ = {isa = PBXFileReference; explicitFileType = wrapper.framework; includeInIndex = 0; path = Pods_Virta.framework; sourceTree = BUILT_PRODUCTS_DIR; };
		7378228B2470A32B009091DE /* HTTPNetworkRoute.swift */ = {isa = PBXFileReference; lastKnownFileType = sourcecode.swift; path = HTTPNetworkRoute.swift; sourceTree = "<group>"; };
		7378228D2470A54C009091DE /* HTTPMethod.swift */ = {isa = PBXFileReference; lastKnownFileType = sourcecode.swift; path = HTTPMethod.swift; sourceTree = "<group>"; };
		7378228F2470A6FA009091DE /* HTTPNetworkError.swift */ = {isa = PBXFileReference; lastKnownFileType = sourcecode.swift; path = HTTPNetworkError.swift; sourceTree = "<group>"; };
		737822912470A8B0009091DE /* HTTPNetworkRequest.swift */ = {isa = PBXFileReference; lastKnownFileType = sourcecode.swift; path = HTTPNetworkRequest.swift; sourceTree = "<group>"; };
		737822932470AD67009091DE /* HTTPNetworkResponse.swift */ = {isa = PBXFileReference; lastKnownFileType = sourcecode.swift; path = HTTPNetworkResponse.swift; sourceTree = "<group>"; };
		737822952470AE83009091DE /* URLEncoder.swift */ = {isa = PBXFileReference; lastKnownFileType = sourcecode.swift; path = URLEncoder.swift; sourceTree = "<group>"; };
		737822972470B111009091DE /* Result.swift */ = {isa = PBXFileReference; lastKnownFileType = sourcecode.swift; path = Result.swift; sourceTree = "<group>"; };
		7378229D247145F1009091DE /* AuthRequest.swift */ = {isa = PBXFileReference; lastKnownFileType = sourcecode.swift; path = AuthRequest.swift; sourceTree = "<group>"; };
		7378229F24714673009091DE /* StationRequest.swift */ = {isa = PBXFileReference; lastKnownFileType = sourcecode.swift; path = StationRequest.swift; sourceTree = "<group>"; };
		737822A124714949009091DE /* Auth.swift */ = {isa = PBXFileReference; lastKnownFileType = sourcecode.swift; path = Auth.swift; sourceTree = "<group>"; };
		73AB3BCD24702A030050C676 /* Virta.app */ = {isa = PBXFileReference; explicitFileType = wrapper.application; includeInIndex = 0; path = Virta.app; sourceTree = BUILT_PRODUCTS_DIR; };
		73AB3BD024702A030050C676 /* AppDelegate.swift */ = {isa = PBXFileReference; lastKnownFileType = sourcecode.swift; path = AppDelegate.swift; sourceTree = "<group>"; };
		73AB3BD224702A030050C676 /* SceneDelegate.swift */ = {isa = PBXFileReference; lastKnownFileType = sourcecode.swift; path = SceneDelegate.swift; sourceTree = "<group>"; };
		73AB3BD424702A030050C676 /* LoginViewController.swift */ = {isa = PBXFileReference; lastKnownFileType = sourcecode.swift; path = LoginViewController.swift; sourceTree = "<group>"; };
		73AB3BD724702A030050C676 /* Base */ = {isa = PBXFileReference; lastKnownFileType = file.storyboard; name = Base; path = Base.lproj/Main.storyboard; sourceTree = "<group>"; };
		73AB3BD924702A090050C676 /* Assets.xcassets */ = {isa = PBXFileReference; lastKnownFileType = folder.assetcatalog; path = Assets.xcassets; sourceTree = "<group>"; };
		73AB3BDC24702A090050C676 /* Base */ = {isa = PBXFileReference; lastKnownFileType = file.storyboard; name = Base; path = Base.lproj/LaunchScreen.storyboard; sourceTree = "<group>"; };
		73AB3BDE24702A090050C676 /* Info.plist */ = {isa = PBXFileReference; lastKnownFileType = text.plist.xml; path = Info.plist; sourceTree = "<group>"; };
		73AB3BE324702A0A0050C676 /* VirtaTests.xctest */ = {isa = PBXFileReference; explicitFileType = wrapper.cfbundle; includeInIndex = 0; path = VirtaTests.xctest; sourceTree = BUILT_PRODUCTS_DIR; };
		73AB3BE724702A0A0050C676 /* VirtaNetworkIntegrationTests.swift */ = {isa = PBXFileReference; lastKnownFileType = sourcecode.swift; path = VirtaNetworkIntegrationTests.swift; sourceTree = "<group>"; };
		73AB3BE924702A0A0050C676 /* Info.plist */ = {isa = PBXFileReference; lastKnownFileType = text.plist.xml; path = Info.plist; sourceTree = "<group>"; };
		73AB3BEE24702A0A0050C676 /* VirtaUITests.xctest */ = {isa = PBXFileReference; explicitFileType = wrapper.cfbundle; includeInIndex = 0; path = VirtaUITests.xctest; sourceTree = BUILT_PRODUCTS_DIR; };
		73AB3BF224702A0A0050C676 /* VirtaUITests.swift */ = {isa = PBXFileReference; lastKnownFileType = sourcecode.swift; path = VirtaUITests.swift; sourceTree = "<group>"; };
		73AB3BF424702A0A0050C676 /* Info.plist */ = {isa = PBXFileReference; lastKnownFileType = text.plist.xml; path = Info.plist; sourceTree = "<group>"; };
		73AB3C06247037940050C676 /* BasicStationInfo.swift */ = {isa = PBXFileReference; lastKnownFileType = sourcecode.swift; path = BasicStationInfo.swift; sourceTree = "<group>"; };
		73AB3C0824703F500050C676 /* Station.swift */ = {isa = PBXFileReference; lastKnownFileType = sourcecode.swift; path = Station.swift; sourceTree = "<group>"; };
		73AB3C0A247061640050C676 /* Connector.swift */ = {isa = PBXFileReference; lastKnownFileType = sourcecode.swift; path = Connector.swift; sourceTree = "<group>"; };
		73AB3C0C247061D20050C676 /* ConnectorType.swift */ = {isa = PBXFileReference; lastKnownFileType = sourcecode.swift; path = ConnectorType.swift; sourceTree = "<group>"; };
		73AB3C0E2470645B0050C676 /* EVSE.swift */ = {isa = PBXFileReference; lastKnownFileType = sourcecode.swift; path = EVSE.swift; sourceTree = "<group>"; };
		73AB3C10247065260050C676 /* Pricing.swift */ = {isa = PBXFileReference; lastKnownFileType = sourcecode.swift; path = Pricing.swift; sourceTree = "<group>"; };
		73F7B47E2472133000FB4E11 /* AuthService.swift */ = {isa = PBXFileReference; lastKnownFileType = sourcecode.swift; path = AuthService.swift; sourceTree = "<group>"; };
		73F7B4822472215600FB4E11 /* VirtaServiceIntegrationTests.swift */ = {isa = PBXFileReference; lastKnownFileType = sourcecode.swift; path = VirtaServiceIntegrationTests.swift; sourceTree = "<group>"; };
		73F7B4842472876600FB4E11 /* LoginViewModel.swift */ = {isa = PBXFileReference; lastKnownFileType = sourcecode.swift; path = LoginViewModel.swift; sourceTree = "<group>"; };
		852B4746EC6D7AF7256AAF3B /* Pods_Virta_VirtaUITests.framework */ = {isa = PBXFileReference; explicitFileType = wrapper.framework; includeInIndex = 0; path = Pods_Virta_VirtaUITests.framework; sourceTree = BUILT_PRODUCTS_DIR; };
		956C8B438775CDE946BECF47 /* Pods-Virta-VirtaUITests.debug.xcconfig */ = {isa = PBXFileReference; includeInIndex = 1; lastKnownFileType = text.xcconfig; name = "Pods-Virta-VirtaUITests.debug.xcconfig"; path = "Target Support Files/Pods-Virta-VirtaUITests/Pods-Virta-VirtaUITests.debug.xcconfig"; sourceTree = "<group>"; };
		A81E454CD07C8B11BF3FD4E1 /* Pods-Virta.release.xcconfig */ = {isa = PBXFileReference; includeInIndex = 1; lastKnownFileType = text.xcconfig; name = "Pods-Virta.release.xcconfig"; path = "Target Support Files/Pods-Virta/Pods-Virta.release.xcconfig"; sourceTree = "<group>"; };
		F65B5121C6F2277212C3EBE1 /* Pods-VirtaTests.release.xcconfig */ = {isa = PBXFileReference; includeInIndex = 1; lastKnownFileType = text.xcconfig; name = "Pods-VirtaTests.release.xcconfig"; path = "Target Support Files/Pods-VirtaTests/Pods-VirtaTests.release.xcconfig"; sourceTree = "<group>"; };
/* End PBXFileReference section */

/* Begin PBXFrameworksBuildPhase section */
		73AB3BCA24702A030050C676 /* Frameworks */ = {
			isa = PBXFrameworksBuildPhase;
			buildActionMask = 2147483647;
			files = (
				639AB66BAB75928E49599498 /* Pods_Virta.framework in Frameworks */,
			);
			runOnlyForDeploymentPostprocessing = 0;
		};
		73AB3BE024702A0A0050C676 /* Frameworks */ = {
			isa = PBXFrameworksBuildPhase;
			buildActionMask = 2147483647;
			files = (
				FC6AD4978589766D3F944144 /* Pods_VirtaTests.framework in Frameworks */,
			);
			runOnlyForDeploymentPostprocessing = 0;
		};
		73AB3BEB24702A0A0050C676 /* Frameworks */ = {
			isa = PBXFrameworksBuildPhase;
			buildActionMask = 2147483647;
			files = (
				69467F84F7BB8DEC0FA146A5 /* Pods_Virta_VirtaUITests.framework in Frameworks */,
			);
			runOnlyForDeploymentPostprocessing = 0;
		};
/* End PBXFrameworksBuildPhase section */

/* Begin PBXGroup section */
		5CE915065005FEF86B1C4055 /* Frameworks */ = {
			isa = PBXGroup;
			children = (
				5A535ACBAFA7AA84D6AA6122 /* Pods_Virta.framework */,
				852B4746EC6D7AF7256AAF3B /* Pods_Virta_VirtaUITests.framework */,
				011E52098C94C5AEAFB990C0 /* Pods_VirtaTests.framework */,
			);
			name = Frameworks;
			sourceTree = "<group>";
		};
		737822882470A24A009091DE /* HTTP */ = {
			isa = PBXGroup;
			children = (
				7378228B2470A32B009091DE /* HTTPNetworkRoute.swift */,
				7378228D2470A54C009091DE /* HTTPMethod.swift */,
				7378228F2470A6FA009091DE /* HTTPNetworkError.swift */,
				737822912470A8B0009091DE /* HTTPNetworkRequest.swift */,
				737822932470AD67009091DE /* HTTPNetworkResponse.swift */,
				737822972470B111009091DE /* Result.swift */,
			);
			path = HTTP;
			sourceTree = "<group>";
		};
		737822892470A261009091DE /* Encoding */ = {
			isa = PBXGroup;
			children = (
				737822952470AE83009091DE /* URLEncoder.swift */,
			);
			path = Encoding;
			sourceTree = "<group>";
		};
		7378228A2470A27A009091DE /* Requests */ = {
			isa = PBXGroup;
			children = (
				7378229D247145F1009091DE /* AuthRequest.swift */,
				7378229F24714673009091DE /* StationRequest.swift */,
			);
			path = Requests;
			sourceTree = "<group>";
		};
		73AB3BC424702A030050C676 = {
			isa = PBXGroup;
			children = (
				73AB3BCF24702A030050C676 /* Virta */,
				73AB3BE624702A0A0050C676 /* VirtaTests */,
				73AB3BF124702A0A0050C676 /* VirtaUITests */,
				73AB3BCE24702A030050C676 /* Products */,
				82B71F86393D56697983C789 /* Pods */,
				5CE915065005FEF86B1C4055 /* Frameworks */,
			);
			sourceTree = "<group>";
		};
		73AB3BCE24702A030050C676 /* Products */ = {
			isa = PBXGroup;
			children = (
				73AB3BCD24702A030050C676 /* Virta.app */,
				73AB3BE324702A0A0050C676 /* VirtaTests.xctest */,
				73AB3BEE24702A0A0050C676 /* VirtaUITests.xctest */,
			);
			name = Products;
			sourceTree = "<group>";
		};
		73AB3BCF24702A030050C676 /* Virta */ = {
			isa = PBXGroup;
			children = (
				73AB3BDE24702A090050C676 /* Info.plist */,
				73F7B48724728CEA00FB4E11 /* Delegates */,
				73F7B48824728D3900FB4E11 /* Resources */,
				73F7B47D247212A600FB4E11 /* Services */,
				73AB3C0324702CA50050C676 /* Networking */,
				73AB3C0224702C8F0050C676 /* ViewModels */,
				73AB3C0124702C2F0050C676 /* Controllers */,
				73F7B48624728CAB00FB4E11 /* Views */,
				73AB3C0024702BDB0050C676 /* Models */,
			);
			path = Virta;
			sourceTree = "<group>";
		};
		73AB3BE624702A0A0050C676 /* VirtaTests */ = {
			isa = PBXGroup;
			children = (
				73AB3BE724702A0A0050C676 /* VirtaNetworkIntegrationTests.swift */,
				73F7B4822472215600FB4E11 /* VirtaServiceIntegrationTests.swift */,
				73AB3BE924702A0A0050C676 /* Info.plist */,
			);
			path = VirtaTests;
			sourceTree = "<group>";
		};
		73AB3BF124702A0A0050C676 /* VirtaUITests */ = {
			isa = PBXGroup;
			children = (
				73AB3BF224702A0A0050C676 /* VirtaUITests.swift */,
				73AB3BF424702A0A0050C676 /* Info.plist */,
			);
			path = VirtaUITests;
			sourceTree = "<group>";
		};
		73AB3C0024702BDB0050C676 /* Models */ = {
			isa = PBXGroup;
			children = (
				73AB3C0824703F500050C676 /* Station.swift */,
				73AB3C06247037940050C676 /* BasicStationInfo.swift */,
				73AB3C0A247061640050C676 /* Connector.swift */,
				73AB3C0C247061D20050C676 /* ConnectorType.swift */,
				73AB3C0E2470645B0050C676 /* EVSE.swift */,
				73AB3C10247065260050C676 /* Pricing.swift */,
				737822A124714949009091DE /* Auth.swift */,
			);
			path = Models;
			sourceTree = "<group>";
		};
		73AB3C0124702C2F0050C676 /* Controllers */ = {
			isa = PBXGroup;
			children = (
				73AB3BD424702A030050C676 /* LoginViewController.swift */,
			);
			path = Controllers;
			sourceTree = "<group>";
		};
		73AB3C0224702C8F0050C676 /* ViewModels */ = {
			isa = PBXGroup;
			children = (
				73F7B4842472876600FB4E11 /* LoginViewModel.swift */,
			);
			path = ViewModels;
			sourceTree = "<group>";
		};
		73AB3C0324702CA50050C676 /* Networking */ = {
			isa = PBXGroup;
			children = (
				737822882470A24A009091DE /* HTTP */,
				737822892470A261009091DE /* Encoding */,
				7378228A2470A27A009091DE /* Requests */,
			);
			path = Networking;
			sourceTree = "<group>";
		};
		73F7B47D247212A600FB4E11 /* Services */ = {
			isa = PBXGroup;
			children = (
				73F7B47E2472133000FB4E11 /* AuthService.swift */,
			);
			path = Services;
			sourceTree = "<group>";
		};
		73F7B48624728CAB00FB4E11 /* Views */ = {
			isa = PBXGroup;
			children = (
				73AB3BD624702A030050C676 /* Main.storyboard */,
				73AB3BDB24702A090050C676 /* LaunchScreen.storyboard */,
			);
			path = Views;
			sourceTree = "<group>";
		};
		73F7B48724728CEA00FB4E11 /* Delegates */ = {
			isa = PBXGroup;
			children = (
				73AB3BD024702A030050C676 /* AppDelegate.swift */,
				73AB3BD224702A030050C676 /* SceneDelegate.swift */,
			);
			path = Delegates;
			sourceTree = "<group>";
		};
		73F7B48824728D3900FB4E11 /* Resources */ = {
			isa = PBXGroup;
			children = (
				73AB3BD924702A090050C676 /* Assets.xcassets */,
			);
			path = Resources;
			sourceTree = "<group>";
		};
		82B71F86393D56697983C789 /* Pods */ = {
			isa = PBXGroup;
			children = (
				07526B7439DE3F5B48F59016 /* Pods-Virta.debug.xcconfig */,
				A81E454CD07C8B11BF3FD4E1 /* Pods-Virta.release.xcconfig */,
				956C8B438775CDE946BECF47 /* Pods-Virta-VirtaUITests.debug.xcconfig */,
				122A9D4E7B6269CEE415F2A3 /* Pods-Virta-VirtaUITests.release.xcconfig */,
				2B354DB7C0885F19454A6822 /* Pods-VirtaTests.debug.xcconfig */,
				F65B5121C6F2277212C3EBE1 /* Pods-VirtaTests.release.xcconfig */,
			);
			path = Pods;
			sourceTree = "<group>";
		};
/* End PBXGroup section */

/* Begin PBXNativeTarget section */
		73AB3BCC24702A030050C676 /* Virta */ = {
			isa = PBXNativeTarget;
			buildConfigurationList = 73AB3BF724702A0A0050C676 /* Build configuration list for PBXNativeTarget "Virta" */;
			buildPhases = (
				FB6C63DC0FDFD7DD0CE4E818 /* [CP] Check Pods Manifest.lock */,
				73AB3BC924702A030050C676 /* Sources */,
				73AB3BCA24702A030050C676 /* Frameworks */,
				73AB3BCB24702A030050C676 /* Resources */,
				F14B940BA6E10A4EC48283E3 /* [CP] Embed Pods Frameworks */,
			);
			buildRules = (
			);
			dependencies = (
			);
			name = Virta;
			productName = Virta;
			productReference = 73AB3BCD24702A030050C676 /* Virta.app */;
			productType = "com.apple.product-type.application";
		};
		73AB3BE224702A0A0050C676 /* VirtaTests */ = {
			isa = PBXNativeTarget;
			buildConfigurationList = 73AB3BFA24702A0A0050C676 /* Build configuration list for PBXNativeTarget "VirtaTests" */;
			buildPhases = (
				D63F66B072030782D7F1D965 /* [CP] Check Pods Manifest.lock */,
				73AB3BDF24702A0A0050C676 /* Sources */,
				73AB3BE024702A0A0050C676 /* Frameworks */,
				73AB3BE124702A0A0050C676 /* Resources */,
			);
			buildRules = (
			);
			dependencies = (
				73AB3BE524702A0A0050C676 /* PBXTargetDependency */,
			);
			name = VirtaTests;
			productName = VirtaTests;
			productReference = 73AB3BE324702A0A0050C676 /* VirtaTests.xctest */;
			productType = "com.apple.product-type.bundle.unit-test";
		};
		73AB3BED24702A0A0050C676 /* VirtaUITests */ = {
			isa = PBXNativeTarget;
			buildConfigurationList = 73AB3BFD24702A0A0050C676 /* Build configuration list for PBXNativeTarget "VirtaUITests" */;
			buildPhases = (
				AFEC9FE35991C4067306FF00 /* [CP] Check Pods Manifest.lock */,
				73AB3BEA24702A0A0050C676 /* Sources */,
				73AB3BEB24702A0A0050C676 /* Frameworks */,
				73AB3BEC24702A0A0050C676 /* Resources */,
				F969CF258AED5ADB7F12F353 /* [CP] Embed Pods Frameworks */,
			);
			buildRules = (
			);
			dependencies = (
				73AB3BF024702A0A0050C676 /* PBXTargetDependency */,
			);
			name = VirtaUITests;
			productName = VirtaUITests;
			productReference = 73AB3BEE24702A0A0050C676 /* VirtaUITests.xctest */;
			productType = "com.apple.product-type.bundle.ui-testing";
		};
/* End PBXNativeTarget section */

/* Begin PBXProject section */
		73AB3BC524702A030050C676 /* Project object */ = {
			isa = PBXProject;
			attributes = {
				LastSwiftUpdateCheck = 1140;
				LastUpgradeCheck = 1140;
				ORGANIZATIONNAME = "Tatiana Podlesnykh";
				TargetAttributes = {
					73AB3BCC24702A030050C676 = {
						CreatedOnToolsVersion = 11.4.1;
					};
					73AB3BE224702A0A0050C676 = {
						CreatedOnToolsVersion = 11.4.1;
						TestTargetID = 73AB3BCC24702A030050C676;
					};
					73AB3BED24702A0A0050C676 = {
						CreatedOnToolsVersion = 11.4.1;
						TestTargetID = 73AB3BCC24702A030050C676;
					};
				};
			};
			buildConfigurationList = 73AB3BC824702A030050C676 /* Build configuration list for PBXProject "Virta" */;
			compatibilityVersion = "Xcode 9.3";
			developmentRegion = en;
			hasScannedForEncodings = 0;
			knownRegions = (
				en,
				Base,
			);
			mainGroup = 73AB3BC424702A030050C676;
			productRefGroup = 73AB3BCE24702A030050C676 /* Products */;
			projectDirPath = "";
			projectRoot = "";
			targets = (
				73AB3BCC24702A030050C676 /* Virta */,
				73AB3BE224702A0A0050C676 /* VirtaTests */,
				73AB3BED24702A0A0050C676 /* VirtaUITests */,
			);
		};
/* End PBXProject section */

/* Begin PBXResourcesBuildPhase section */
		73AB3BCB24702A030050C676 /* Resources */ = {
			isa = PBXResourcesBuildPhase;
			buildActionMask = 2147483647;
			files = (
				73AB3BDD24702A090050C676 /* LaunchScreen.storyboard in Resources */,
				73AB3BDA24702A090050C676 /* Assets.xcassets in Resources */,
				73AB3BD824702A030050C676 /* Main.storyboard in Resources */,
			);
			runOnlyForDeploymentPostprocessing = 0;
		};
		73AB3BE124702A0A0050C676 /* Resources */ = {
			isa = PBXResourcesBuildPhase;
			buildActionMask = 2147483647;
			files = (
			);
			runOnlyForDeploymentPostprocessing = 0;
		};
		73AB3BEC24702A0A0050C676 /* Resources */ = {
			isa = PBXResourcesBuildPhase;
			buildActionMask = 2147483647;
			files = (
			);
			runOnlyForDeploymentPostprocessing = 0;
		};
/* End PBXResourcesBuildPhase section */

/* Begin PBXShellScriptBuildPhase section */
		AFEC9FE35991C4067306FF00 /* [CP] Check Pods Manifest.lock */ = {
			isa = PBXShellScriptBuildPhase;
			buildActionMask = 2147483647;
			files = (
			);
			inputFileListPaths = (
			);
			inputPaths = (
				"${PODS_PODFILE_DIR_PATH}/Podfile.lock",
				"${PODS_ROOT}/Manifest.lock",
			);
			name = "[CP] Check Pods Manifest.lock";
			outputFileListPaths = (
			);
			outputPaths = (
				"$(DERIVED_FILE_DIR)/Pods-Virta-VirtaUITests-checkManifestLockResult.txt",
			);
			runOnlyForDeploymentPostprocessing = 0;
			shellPath = /bin/sh;
			shellScript = "diff \"${PODS_PODFILE_DIR_PATH}/Podfile.lock\" \"${PODS_ROOT}/Manifest.lock\" > /dev/null\nif [ $? != 0 ] ; then\n    # print error to STDERR\n    echo \"error: The sandbox is not in sync with the Podfile.lock. Run 'pod install' or update your CocoaPods installation.\" >&2\n    exit 1\nfi\n# This output is used by Xcode 'outputs' to avoid re-running this script phase.\necho \"SUCCESS\" > \"${SCRIPT_OUTPUT_FILE_0}\"\n";
			showEnvVarsInLog = 0;
		};
		D63F66B072030782D7F1D965 /* [CP] Check Pods Manifest.lock */ = {
			isa = PBXShellScriptBuildPhase;
			buildActionMask = 2147483647;
			files = (
			);
			inputFileListPaths = (
			);
			inputPaths = (
				"${PODS_PODFILE_DIR_PATH}/Podfile.lock",
				"${PODS_ROOT}/Manifest.lock",
			);
			name = "[CP] Check Pods Manifest.lock";
			outputFileListPaths = (
			);
			outputPaths = (
				"$(DERIVED_FILE_DIR)/Pods-VirtaTests-checkManifestLockResult.txt",
			);
			runOnlyForDeploymentPostprocessing = 0;
			shellPath = /bin/sh;
			shellScript = "diff \"${PODS_PODFILE_DIR_PATH}/Podfile.lock\" \"${PODS_ROOT}/Manifest.lock\" > /dev/null\nif [ $? != 0 ] ; then\n    # print error to STDERR\n    echo \"error: The sandbox is not in sync with the Podfile.lock. Run 'pod install' or update your CocoaPods installation.\" >&2\n    exit 1\nfi\n# This output is used by Xcode 'outputs' to avoid re-running this script phase.\necho \"SUCCESS\" > \"${SCRIPT_OUTPUT_FILE_0}\"\n";
			showEnvVarsInLog = 0;
		};
		F14B940BA6E10A4EC48283E3 /* [CP] Embed Pods Frameworks */ = {
			isa = PBXShellScriptBuildPhase;
			buildActionMask = 2147483647;
			files = (
			);
			inputFileListPaths = (
				"${PODS_ROOT}/Target Support Files/Pods-Virta/Pods-Virta-frameworks-${CONFIGURATION}-input-files.xcfilelist",
			);
			name = "[CP] Embed Pods Frameworks";
			outputFileListPaths = (
				"${PODS_ROOT}/Target Support Files/Pods-Virta/Pods-Virta-frameworks-${CONFIGURATION}-output-files.xcfilelist",
			);
			runOnlyForDeploymentPostprocessing = 0;
			shellPath = /bin/sh;
			shellScript = "\"${PODS_ROOT}/Target Support Files/Pods-Virta/Pods-Virta-frameworks.sh\"\n";
			showEnvVarsInLog = 0;
		};
		F969CF258AED5ADB7F12F353 /* [CP] Embed Pods Frameworks */ = {
			isa = PBXShellScriptBuildPhase;
			buildActionMask = 2147483647;
			files = (
			);
			inputFileListPaths = (
				"${PODS_ROOT}/Target Support Files/Pods-Virta-VirtaUITests/Pods-Virta-VirtaUITests-frameworks-${CONFIGURATION}-input-files.xcfilelist",
			);
			name = "[CP] Embed Pods Frameworks";
			outputFileListPaths = (
				"${PODS_ROOT}/Target Support Files/Pods-Virta-VirtaUITests/Pods-Virta-VirtaUITests-frameworks-${CONFIGURATION}-output-files.xcfilelist",
			);
			runOnlyForDeploymentPostprocessing = 0;
			shellPath = /bin/sh;
			shellScript = "\"${PODS_ROOT}/Target Support Files/Pods-Virta-VirtaUITests/Pods-Virta-VirtaUITests-frameworks.sh\"\n";
			showEnvVarsInLog = 0;
		};
		FB6C63DC0FDFD7DD0CE4E818 /* [CP] Check Pods Manifest.lock */ = {
			isa = PBXShellScriptBuildPhase;
			buildActionMask = 2147483647;
			files = (
			);
			inputFileListPaths = (
			);
			inputPaths = (
				"${PODS_PODFILE_DIR_PATH}/Podfile.lock",
				"${PODS_ROOT}/Manifest.lock",
			);
			name = "[CP] Check Pods Manifest.lock";
			outputFileListPaths = (
			);
			outputPaths = (
				"$(DERIVED_FILE_DIR)/Pods-Virta-checkManifestLockResult.txt",
			);
			runOnlyForDeploymentPostprocessing = 0;
			shellPath = /bin/sh;
			shellScript = "diff \"${PODS_PODFILE_DIR_PATH}/Podfile.lock\" \"${PODS_ROOT}/Manifest.lock\" > /dev/null\nif [ $? != 0 ] ; then\n    # print error to STDERR\n    echo \"error: The sandbox is not in sync with the Podfile.lock. Run 'pod install' or update your CocoaPods installation.\" >&2\n    exit 1\nfi\n# This output is used by Xcode 'outputs' to avoid re-running this script phase.\necho \"SUCCESS\" > \"${SCRIPT_OUTPUT_FILE_0}\"\n";
			showEnvVarsInLog = 0;
		};
/* End PBXShellScriptBuildPhase section */

/* Begin PBXSourcesBuildPhase section */
		73AB3BC924702A030050C676 /* Sources */ = {
			isa = PBXSourcesBuildPhase;
			buildActionMask = 2147483647;
			files = (
				737822962470AE83009091DE /* URLEncoder.swift in Sources */,
				73AB3C0F2470645B0050C676 /* EVSE.swift in Sources */,
				737822902470A6FA009091DE /* HTTPNetworkError.swift in Sources */,
				73AB3C0D247061D20050C676 /* ConnectorType.swift in Sources */,
				7378229E247145F1009091DE /* AuthRequest.swift in Sources */,
				737822A224714949009091DE /* Auth.swift in Sources */,
				73AB3BD524702A030050C676 /* LoginViewController.swift in Sources */,
				73F7B47F2472133000FB4E11 /* AuthService.swift in Sources */,
				737822A024714673009091DE /* StationRequest.swift in Sources */,
				7378228E2470A54C009091DE /* HTTPMethod.swift in Sources */,
				737822982470B111009091DE /* Result.swift in Sources */,
				73AB3C11247065260050C676 /* Pricing.swift in Sources */,
				73AB3C07247037940050C676 /* BasicStationInfo.swift in Sources */,
				7378228C2470A32B009091DE /* HTTPNetworkRoute.swift in Sources */,
				73AB3BD124702A030050C676 /* AppDelegate.swift in Sources */,
				737822942470AD67009091DE /* HTTPNetworkResponse.swift in Sources */,
				737822922470A8B0009091DE /* HTTPNetworkRequest.swift in Sources */,
				73AB3C0B247061640050C676 /* Connector.swift in Sources */,
				73AB3BD324702A030050C676 /* SceneDelegate.swift in Sources */,
				73AB3C0924703F500050C676 /* Station.swift in Sources */,
				73F7B4852472876600FB4E11 /* LoginViewModel.swift in Sources */,
			);
			runOnlyForDeploymentPostprocessing = 0;
		};
		73AB3BDF24702A0A0050C676 /* Sources */ = {
			isa = PBXSourcesBuildPhase;
			buildActionMask = 2147483647;
			files = (
				73AB3BE824702A0A0050C676 /* VirtaNetworkIntegrationTests.swift in Sources */,
				73F7B4832472215600FB4E11 /* VirtaServiceIntegrationTests.swift in Sources */,
			);
			runOnlyForDeploymentPostprocessing = 0;
		};
		73AB3BEA24702A0A0050C676 /* Sources */ = {
			isa = PBXSourcesBuildPhase;
			buildActionMask = 2147483647;
			files = (
				73AB3BF324702A0A0050C676 /* VirtaUITests.swift in Sources */,
			);
			runOnlyForDeploymentPostprocessing = 0;
		};
/* End PBXSourcesBuildPhase section */

/* Begin PBXTargetDependency section */
		73AB3BE524702A0A0050C676 /* PBXTargetDependency */ = {
			isa = PBXTargetDependency;
			target = 73AB3BCC24702A030050C676 /* Virta */;
			targetProxy = 73AB3BE424702A0A0050C676 /* PBXContainerItemProxy */;
		};
		73AB3BF024702A0A0050C676 /* PBXTargetDependency */ = {
			isa = PBXTargetDependency;
			target = 73AB3BCC24702A030050C676 /* Virta */;
			targetProxy = 73AB3BEF24702A0A0050C676 /* PBXContainerItemProxy */;
		};
/* End PBXTargetDependency section */

/* Begin PBXVariantGroup section */
		73AB3BD624702A030050C676 /* Main.storyboard */ = {
			isa = PBXVariantGroup;
			children = (
				73AB3BD724702A030050C676 /* Base */,
			);
			name = Main.storyboard;
			sourceTree = "<group>";
		};
		73AB3BDB24702A090050C676 /* LaunchScreen.storyboard */ = {
			isa = PBXVariantGroup;
			children = (
				73AB3BDC24702A090050C676 /* Base */,
			);
			name = LaunchScreen.storyboard;
			sourceTree = "<group>";
		};
/* End PBXVariantGroup section */

/* Begin XCBuildConfiguration section */
		73AB3BF524702A0A0050C676 /* Debug */ = {
			isa = XCBuildConfiguration;
			buildSettings = {
				ALWAYS_SEARCH_USER_PATHS = NO;
				CLANG_ANALYZER_NONNULL = YES;
				CLANG_ANALYZER_NUMBER_OBJECT_CONVERSION = YES_AGGRESSIVE;
				CLANG_CXX_LANGUAGE_STANDARD = "gnu++14";
				CLANG_CXX_LIBRARY = "libc++";
				CLANG_ENABLE_MODULES = YES;
				CLANG_ENABLE_OBJC_ARC = YES;
				CLANG_ENABLE_OBJC_WEAK = YES;
				CLANG_WARN_BLOCK_CAPTURE_AUTORELEASING = YES;
				CLANG_WARN_BOOL_CONVERSION = YES;
				CLANG_WARN_COMMA = YES;
				CLANG_WARN_CONSTANT_CONVERSION = YES;
				CLANG_WARN_DEPRECATED_OBJC_IMPLEMENTATIONS = YES;
				CLANG_WARN_DIRECT_OBJC_ISA_USAGE = YES_ERROR;
				CLANG_WARN_DOCUMENTATION_COMMENTS = YES;
				CLANG_WARN_EMPTY_BODY = YES;
				CLANG_WARN_ENUM_CONVERSION = YES;
				CLANG_WARN_INFINITE_RECURSION = YES;
				CLANG_WARN_INT_CONVERSION = YES;
				CLANG_WARN_NON_LITERAL_NULL_CONVERSION = YES;
				CLANG_WARN_OBJC_IMPLICIT_RETAIN_SELF = YES;
				CLANG_WARN_OBJC_LITERAL_CONVERSION = YES;
				CLANG_WARN_OBJC_ROOT_CLASS = YES_ERROR;
				CLANG_WARN_RANGE_LOOP_ANALYSIS = YES;
				CLANG_WARN_STRICT_PROTOTYPES = YES;
				CLANG_WARN_SUSPICIOUS_MOVE = YES;
				CLANG_WARN_UNGUARDED_AVAILABILITY = YES_AGGRESSIVE;
				CLANG_WARN_UNREACHABLE_CODE = YES;
				CLANG_WARN__DUPLICATE_METHOD_MATCH = YES;
				COPY_PHASE_STRIP = NO;
				DEBUG_INFORMATION_FORMAT = dwarf;
				ENABLE_STRICT_OBJC_MSGSEND = YES;
				ENABLE_TESTABILITY = YES;
				GCC_C_LANGUAGE_STANDARD = gnu11;
				GCC_DYNAMIC_NO_PIC = NO;
				GCC_NO_COMMON_BLOCKS = YES;
				GCC_OPTIMIZATION_LEVEL = 0;
				GCC_PREPROCESSOR_DEFINITIONS = (
					"DEBUG=1",
					"$(inherited)",
				);
				GCC_WARN_64_TO_32_BIT_CONVERSION = YES;
				GCC_WARN_ABOUT_RETURN_TYPE = YES_ERROR;
				GCC_WARN_UNDECLARED_SELECTOR = YES;
				GCC_WARN_UNINITIALIZED_AUTOS = YES_AGGRESSIVE;
				GCC_WARN_UNUSED_FUNCTION = YES;
				GCC_WARN_UNUSED_VARIABLE = YES;
				IPHONEOS_DEPLOYMENT_TARGET = 13.4;
				MTL_ENABLE_DEBUG_INFO = INCLUDE_SOURCE;
				MTL_FAST_MATH = YES;
				ONLY_ACTIVE_ARCH = YES;
				SDKROOT = iphoneos;
				SWIFT_ACTIVE_COMPILATION_CONDITIONS = DEBUG;
				SWIFT_OPTIMIZATION_LEVEL = "-Onone";
			};
			name = Debug;
		};
		73AB3BF624702A0A0050C676 /* Release */ = {
			isa = XCBuildConfiguration;
			buildSettings = {
				ALWAYS_SEARCH_USER_PATHS = NO;
				CLANG_ANALYZER_NONNULL = YES;
				CLANG_ANALYZER_NUMBER_OBJECT_CONVERSION = YES_AGGRESSIVE;
				CLANG_CXX_LANGUAGE_STANDARD = "gnu++14";
				CLANG_CXX_LIBRARY = "libc++";
				CLANG_ENABLE_MODULES = YES;
				CLANG_ENABLE_OBJC_ARC = YES;
				CLANG_ENABLE_OBJC_WEAK = YES;
				CLANG_WARN_BLOCK_CAPTURE_AUTORELEASING = YES;
				CLANG_WARN_BOOL_CONVERSION = YES;
				CLANG_WARN_COMMA = YES;
				CLANG_WARN_CONSTANT_CONVERSION = YES;
				CLANG_WARN_DEPRECATED_OBJC_IMPLEMENTATIONS = YES;
				CLANG_WARN_DIRECT_OBJC_ISA_USAGE = YES_ERROR;
				CLANG_WARN_DOCUMENTATION_COMMENTS = YES;
				CLANG_WARN_EMPTY_BODY = YES;
				CLANG_WARN_ENUM_CONVERSION = YES;
				CLANG_WARN_INFINITE_RECURSION = YES;
				CLANG_WARN_INT_CONVERSION = YES;
				CLANG_WARN_NON_LITERAL_NULL_CONVERSION = YES;
				CLANG_WARN_OBJC_IMPLICIT_RETAIN_SELF = YES;
				CLANG_WARN_OBJC_LITERAL_CONVERSION = YES;
				CLANG_WARN_OBJC_ROOT_CLASS = YES_ERROR;
				CLANG_WARN_RANGE_LOOP_ANALYSIS = YES;
				CLANG_WARN_STRICT_PROTOTYPES = YES;
				CLANG_WARN_SUSPICIOUS_MOVE = YES;
				CLANG_WARN_UNGUARDED_AVAILABILITY = YES_AGGRESSIVE;
				CLANG_WARN_UNREACHABLE_CODE = YES;
				CLANG_WARN__DUPLICATE_METHOD_MATCH = YES;
				COPY_PHASE_STRIP = NO;
				DEBUG_INFORMATION_FORMAT = "dwarf-with-dsym";
				ENABLE_NS_ASSERTIONS = NO;
				ENABLE_STRICT_OBJC_MSGSEND = YES;
				GCC_C_LANGUAGE_STANDARD = gnu11;
				GCC_NO_COMMON_BLOCKS = YES;
				GCC_WARN_64_TO_32_BIT_CONVERSION = YES;
				GCC_WARN_ABOUT_RETURN_TYPE = YES_ERROR;
				GCC_WARN_UNDECLARED_SELECTOR = YES;
				GCC_WARN_UNINITIALIZED_AUTOS = YES_AGGRESSIVE;
				GCC_WARN_UNUSED_FUNCTION = YES;
				GCC_WARN_UNUSED_VARIABLE = YES;
				IPHONEOS_DEPLOYMENT_TARGET = 13.4;
				MTL_ENABLE_DEBUG_INFO = NO;
				MTL_FAST_MATH = YES;
				SDKROOT = iphoneos;
				SWIFT_COMPILATION_MODE = wholemodule;
				SWIFT_OPTIMIZATION_LEVEL = "-O";
				VALIDATE_PRODUCT = YES;
			};
			name = Release;
		};
		73AB3BF824702A0A0050C676 /* Debug */ = {
			isa = XCBuildConfiguration;
			baseConfigurationReference = 07526B7439DE3F5B48F59016 /* Pods-Virta.debug.xcconfig */;
			buildSettings = {
				ASSETCATALOG_COMPILER_APPICON_NAME = AppIcon;
				CODE_SIGN_STYLE = Automatic;
				DEVELOPMENT_TEAM = RQ88JH3YZ3;
				INFOPLIST_FILE = Virta/Info.plist;
				LD_RUNPATH_SEARCH_PATHS = (
					"$(inherited)",
					"@executable_path/Frameworks",
				);
				PRODUCT_BUNDLE_IDENTIFIER = com.TanyEm.Virta;
				PRODUCT_NAME = "$(TARGET_NAME)";
				SWIFT_VERSION = 5.0;
				TARGETED_DEVICE_FAMILY = "1,2";
			};
			name = Debug;
		};
		73AB3BF924702A0A0050C676 /* Release */ = {
			isa = XCBuildConfiguration;
			baseConfigurationReference = A81E454CD07C8B11BF3FD4E1 /* Pods-Virta.release.xcconfig */;
			buildSettings = {
				ASSETCATALOG_COMPILER_APPICON_NAME = AppIcon;
				CODE_SIGN_STYLE = Automatic;
				DEVELOPMENT_TEAM = RQ88JH3YZ3;
				INFOPLIST_FILE = Virta/Info.plist;
				LD_RUNPATH_SEARCH_PATHS = (
					"$(inherited)",
					"@executable_path/Frameworks",
				);
				PRODUCT_BUNDLE_IDENTIFIER = com.TanyEm.Virta;
				PRODUCT_NAME = "$(TARGET_NAME)";
				SWIFT_VERSION = 5.0;
				TARGETED_DEVICE_FAMILY = "1,2";
			};
			name = Release;
		};
		73AB3BFB24702A0A0050C676 /* Debug */ = {
			isa = XCBuildConfiguration;
			baseConfigurationReference = 2B354DB7C0885F19454A6822 /* Pods-VirtaTests.debug.xcconfig */;
			buildSettings = {
				ALWAYS_EMBED_SWIFT_STANDARD_LIBRARIES = YES;
				BUNDLE_LOADER = "$(TEST_HOST)";
				CODE_SIGN_STYLE = Automatic;
				DEVELOPMENT_TEAM = RQ88JH3YZ3;
				INFOPLIST_FILE = VirtaTests/Info.plist;
				IPHONEOS_DEPLOYMENT_TARGET = 13.4;
				LD_RUNPATH_SEARCH_PATHS = (
					"$(inherited)",
					"@executable_path/Frameworks",
					"@loader_path/Frameworks",
				);
				PRODUCT_BUNDLE_IDENTIFIER = com.TanyEm.VirtaTests;
				PRODUCT_NAME = "$(TARGET_NAME)";
				SWIFT_VERSION = 5.0;
				TARGETED_DEVICE_FAMILY = "1,2";
				TEST_HOST = "$(BUILT_PRODUCTS_DIR)/Virta.app/Virta";
			};
			name = Debug;
		};
		73AB3BFC24702A0A0050C676 /* Release */ = {
			isa = XCBuildConfiguration;
			baseConfigurationReference = F65B5121C6F2277212C3EBE1 /* Pods-VirtaTests.release.xcconfig */;
			buildSettings = {
				ALWAYS_EMBED_SWIFT_STANDARD_LIBRARIES = YES;
				BUNDLE_LOADER = "$(TEST_HOST)";
				CODE_SIGN_STYLE = Automatic;
				DEVELOPMENT_TEAM = RQ88JH3YZ3;
				INFOPLIST_FILE = VirtaTests/Info.plist;
				IPHONEOS_DEPLOYMENT_TARGET = 13.4;
				LD_RUNPATH_SEARCH_PATHS = (
					"$(inherited)",
					"@executable_path/Frameworks",
					"@loader_path/Frameworks",
				);
				PRODUCT_BUNDLE_IDENTIFIER = com.TanyEm.VirtaTests;
				PRODUCT_NAME = "$(TARGET_NAME)";
				SWIFT_VERSION = 5.0;
				TARGETED_DEVICE_FAMILY = "1,2";
				TEST_HOST = "$(BUILT_PRODUCTS_DIR)/Virta.app/Virta";
			};
			name = Release;
		};
		73AB3BFE24702A0A0050C676 /* Debug */ = {
			isa = XCBuildConfiguration;
			baseConfigurationReference = 956C8B438775CDE946BECF47 /* Pods-Virta-VirtaUITests.debug.xcconfig */;
			buildSettings = {
				ALWAYS_EMBED_SWIFT_STANDARD_LIBRARIES = YES;
				CODE_SIGN_STYLE = Automatic;
				DEVELOPMENT_TEAM = RQ88JH3YZ3;
				INFOPLIST_FILE = VirtaUITests/Info.plist;
				LD_RUNPATH_SEARCH_PATHS = (
					"$(inherited)",
					"@executable_path/Frameworks",
					"@loader_path/Frameworks",
				);
				PRODUCT_BUNDLE_IDENTIFIER = com.TanyEm.VirtaUITests;
				PRODUCT_NAME = "$(TARGET_NAME)";
				SWIFT_VERSION = 5.0;
				TARGETED_DEVICE_FAMILY = "1,2";
				TEST_TARGET_NAME = Virta;
			};
			name = Debug;
		};
		73AB3BFF24702A0A0050C676 /* Release */ = {
			isa = XCBuildConfiguration;
			baseConfigurationReference = 122A9D4E7B6269CEE415F2A3 /* Pods-Virta-VirtaUITests.release.xcconfig */;
			buildSettings = {
				ALWAYS_EMBED_SWIFT_STANDARD_LIBRARIES = YES;
				CODE_SIGN_STYLE = Automatic;
				DEVELOPMENT_TEAM = RQ88JH3YZ3;
				INFOPLIST_FILE = VirtaUITests/Info.plist;
				LD_RUNPATH_SEARCH_PATHS = (
					"$(inherited)",
					"@executable_path/Frameworks",
					"@loader_path/Frameworks",
				);
				PRODUCT_BUNDLE_IDENTIFIER = com.TanyEm.VirtaUITests;
				PRODUCT_NAME = "$(TARGET_NAME)";
				SWIFT_VERSION = 5.0;
				TARGETED_DEVICE_FAMILY = "1,2";
				TEST_TARGET_NAME = Virta;
			};
			name = Release;
		};
/* End XCBuildConfiguration section */

/* Begin XCConfigurationList section */
		73AB3BC824702A030050C676 /* Build configuration list for PBXProject "Virta" */ = {
			isa = XCConfigurationList;
			buildConfigurations = (
				73AB3BF524702A0A0050C676 /* Debug */,
				73AB3BF624702A0A0050C676 /* Release */,
			);
			defaultConfigurationIsVisible = 0;
			defaultConfigurationName = Release;
		};
		73AB3BF724702A0A0050C676 /* Build configuration list for PBXNativeTarget "Virta" */ = {
			isa = XCConfigurationList;
			buildConfigurations = (
				73AB3BF824702A0A0050C676 /* Debug */,
				73AB3BF924702A0A0050C676 /* Release */,
			);
			defaultConfigurationIsVisible = 0;
			defaultConfigurationName = Release;
		};
		73AB3BFA24702A0A0050C676 /* Build configuration list for PBXNativeTarget "VirtaTests" */ = {
			isa = XCConfigurationList;
			buildConfigurations = (
				73AB3BFB24702A0A0050C676 /* Debug */,
				73AB3BFC24702A0A0050C676 /* Release */,
			);
			defaultConfigurationIsVisible = 0;
			defaultConfigurationName = Release;
		};
		73AB3BFD24702A0A0050C676 /* Build configuration list for PBXNativeTarget "VirtaUITests" */ = {
			isa = XCConfigurationList;
			buildConfigurations = (
				73AB3BFE24702A0A0050C676 /* Debug */,
				73AB3BFF24702A0A0050C676 /* Release */,
			);
			defaultConfigurationIsVisible = 0;
			defaultConfigurationName = Release;
		};
/* End XCConfigurationList section */
	};
	rootObject = 73AB3BC524702A030050C676 /* Project object */;
}
